
Microsoft Visual Studio Solution File, Format Version 12.00
# Visual Studio Version 17
VisualStudioVersion = 17.13.35828.75 d17.13
MinimumVisualStudioVersion = 10.0.40219.1
Project("{54A90642-561A-4BB1-A94E-469ADEE60C69}") = "msumalog.client", "msumalog.client\msumalog.client.esproj", "{61E35348-6EE6-B6B6-6259-9EE593620FC1}"
EndProject
Project("{FAE04EC0-301F-11D3-BF4B-00C04F79EFBC}") = "MSUMALog.Server", "MSUMALog.Server\MSUMALog.Server.csproj", "{708CE314-E2CB-418E-ADCB-27447EC028DC}"
EndProject
Global
	GlobalSection(SolutionConfigurationPlatforms) = preSolution
		Debug|Any CPU = Debug|Any CPU
		Release|Any CPU = Release|Any CPU
	EndGlobalSection
	GlobalSection(ProjectConfigurationPlatforms) = postSolution
		{61E35348-6EE6-B6B6-6259-9EE593620FC1}.Debug|Any CPU.ActiveCfg = Debug|Any CPU
		{61E35348-6EE6-B6B6-6259-9EE593620FC1}.Debug|Any CPU.Build.0 = Debug|Any CPU
		{61E35348-6EE6-B6B6-6259-9EE593620FC1}.Debug|Any CPU.Deploy.0 = Debug|Any CPU
		{61E35348-6EE6-B6B6-6259-9EE593620FC1}.Release|Any CPU.ActiveCfg = Release|Any CPU
		{61E35348-6EE6-B6B6-6259-9EE593620FC1}.Release|Any CPU.Build.0 = Release|Any CPU
		{61E35348-6EE6-B6B6-6259-9EE593620FC1}.Release|Any CPU.Deploy.0 = Release|Any CPU
		{708CE314-E2CB-418E-ADCB-27447EC028DC}.Debug|Any CPU.ActiveCfg = Debug|Any CPU
		{708CE314-E2CB-418E-ADCB-27447EC028DC}.Debug|Any CPU.Build.0 = Debug|Any CPU
		{708CE314-E2CB-418E-ADCB-27447EC028DC}.Release|Any CPU.ActiveCfg = Release|Any CPU
		{708CE314-E2CB-418E-ADCB-27447EC028DC}.Release|Any CPU.Build.0 = Release|Any CPU
	EndGlobalSection
	GlobalSection(SolutionProperties) = preSolution
		HideSolutionNode = FALSE
	EndGlobalSection
	GlobalSection(ExtensibilityGlobals) = postSolution
		SolutionGuid = {4186001E-7086-4722-9219-26FFB1E37C15}
	EndGlobalSection
EndGlobal
